
Microsoft Visual Studio Solution File, Format Version 12.00
# Visual Studio Version 17
VisualStudioVersion = 17.10.34928.147
MinimumVisualStudioVersion = 10.0.40219.1
Project("{FAE04EC0-301F-11D3-BF4B-00C04F79EFBC}") = "Helicopters_Russia", "Helicopters_Russia.csproj", "{661D8CD7-49B9-4409-8AF9-E1D4B75EC3AA}"
EndProject
Global
	GlobalSection(SolutionConfigurationPlatforms) = preSolution
		Debug|Any CPU = Debug|Any CPU
		Release|Any CPU = Release|Any CPU
	EndGlobalSection
	GlobalSection(ProjectConfigurationPlatforms) = postSolution
		{661D8CD7-49B9-4409-8AF9-E1D4B75EC3AA}.Debug|Any CPU.ActiveCfg = Debug|Any CPU
		{661D8CD7-49B9-4409-8AF9-E1D4B75EC3AA}.Debug|Any CPU.Build.0 = Debug|Any CPU
		{661D8CD7-49B9-4409-8AF9-E1D4B75EC3AA}.Release|Any CPU.ActiveCfg = Release|Any CPU
		{661D8CD7-49B9-4409-8AF9-E1D4B75EC3AA}.Release|Any CPU.Build.0 = Release|Any CPU
	EndGlobalSection
	GlobalSection(SolutionProperties) = preSolution
		HideSolutionNode = FALSE
	EndGlobalSection
	GlobalSection(ExtensibilityGlobals) = postSolution
		SolutionGuid = {DD033272-24FD-407F-9E51-2FEB88FDCFA7}
	EndGlobalSection
EndGlobal
