
Microsoft Visual Studio Solution File, Format Version 12.00
# Visual Studio Version 17
VisualStudioVersion = 17.8.34322.80
MinimumVisualStudioVersion = 10.0.40219.1
Project("{9A19103F-16F7-4668-BE54-9A1E7A4F7556}") = "Algo", "Algo.csproj", "{5598AC91-AA19-43C9-AB70-8EF7FDF7B519}"
EndProject
Global
	GlobalSection(SolutionConfigurationPlatforms) = preSolution
		Debug|Any CPU = Debug|Any CPU
		Release|Any CPU = Release|Any CPU
	EndGlobalSection
	GlobalSection(ProjectConfigurationPlatforms) = postSolution
		{5598AC91-AA19-43C9-AB70-8EF7FDF7B519}.Debug|Any CPU.ActiveCfg = Debug|Any CPU
		{5598AC91-AA19-43C9-AB70-8EF7FDF7B519}.Debug|Any CPU.Build.0 = Debug|Any CPU
		{5598AC91-AA19-43C9-AB70-8EF7FDF7B519}.Release|Any CPU.ActiveCfg = Release|Any CPU
		{5598AC91-AA19-43C9-AB70-8EF7FDF7B519}.Release|Any CPU.Build.0 = Release|Any CPU
	EndGlobalSection
	GlobalSection(SolutionProperties) = preSolution
		HideSolutionNode = FALSE
	EndGlobalSection
	GlobalSection(ExtensibilityGlobals) = postSolution
		SolutionGuid = {ABFD2C34-2ECA-436E-A1B1-6721702F8DAF}
	EndGlobalSection
EndGlobal
